
Microsoft Visual Studio Solution File, Format Version 12.00
# Visual Studio Version 16
VisualStudioVersion = 16.6.30114.105
MinimumVisualStudioVersion = 10.0.40219.1
Project("{2150E333-8FDC-42A3-9474-1A3956D46DE8}") = "api", "api", "{B87FAC4A-A0C3-4EA4-8B34-FD9FA180881F}"
EndProject
Project("{2150E333-8FDC-42A3-9474-1A3956D46DE8}") = "application", "application", "{016FBA0B-9E6F-4F3A-8F8A-A79C21028624}"
EndProject
Project("{2150E333-8FDC-42A3-9474-1A3956D46DE8}") = "domain", "domain", "{DF9B8323-A4B8-4741-BEE8-3EC5272A7E17}"
EndProject
Project("{2150E333-8FDC-42A3-9474-1A3956D46DE8}") = "infrastructure", "infrastructure", "{26E4CB0C-9A78-4B7F-9A39-C2E66C1E861D}"
EndProject
Project("{2150E333-8FDC-42A3-9474-1A3956D46DE8}") = "persistence", "persistence", "{D77B99FA-82FC-4F18-9E2D-1BFFCE984442}"
EndProject
Project("{9A19103F-16F7-4668-BE54-9A1E7A4F7556}") = "CleanArchitectureTemplate.Api", "src\MyUcbServiceTemplate.Api\CleanArchitectureTemplate.Api.csproj", "{4614D0F0-A762-4002-AE1F-B287D950C83B}"
EndProject
Project("{9A19103F-16F7-4668-BE54-9A1E7A4F7556}") = "CleanArchitectureTemplate.Application", "src\MyUcbServiceTemplate.Application\CleanArchitectureTemplate.Application.csproj", "{CB1A2C37-3723-490F-93C2-35B7EB0DEBEC}"
EndProject
Project("{9A19103F-16F7-4668-BE54-9A1E7A4F7556}") = "CleanArchitectureTemplate.Domain", "src\MyUcbServiceTemplate.Domain\CleanArchitectureTemplate.Domain.csproj", "{0B2A3BCB-6B01-4C15-96D6-36DDA1A84B5A}"
EndProject
Project("{9A19103F-16F7-4668-BE54-9A1E7A4F7556}") = "CleanArchitectureTemplate.Persistence", "src\MyUcbServiceTemplate.Persistence\CleanArchitectureTemplate.Persistence.csproj", "{49CB9D0E-C822-4495-8BE6-75C6341EBDC9}"
EndProject
Project("{9A19103F-16F7-4668-BE54-9A1E7A4F7556}") = "CleanArchitectureTemplate.Infrastructure", "src\MyUcbServiceTemplate.Infrastructure\CleanArchitectureTemplate.Infrastructure.csproj", "{2B67176F-EAED-48EB-BD2C-EAA44214C798}"
EndProject
Global
	GlobalSection(SolutionConfigurationPlatforms) = preSolution
		Debug|Any CPU = Debug|Any CPU
		Debug|x64 = Debug|x64
		Debug|x86 = Debug|x86
		Release|Any CPU = Release|Any CPU
		Release|x64 = Release|x64
		Release|x86 = Release|x86
	EndGlobalSection
	GlobalSection(ProjectConfigurationPlatforms) = postSolution
		{4614D0F0-A762-4002-AE1F-B287D950C83B}.Debug|Any CPU.ActiveCfg = Debug|Any CPU
		{4614D0F0-A762-4002-AE1F-B287D950C83B}.Debug|Any CPU.Build.0 = Debug|Any CPU
		{4614D0F0-A762-4002-AE1F-B287D950C83B}.Debug|x64.ActiveCfg = Debug|Any CPU
		{4614D0F0-A762-4002-AE1F-B287D950C83B}.Debug|x64.Build.0 = Debug|Any CPU
		{4614D0F0-A762-4002-AE1F-B287D950C83B}.Debug|x86.ActiveCfg = Debug|Any CPU
		{4614D0F0-A762-4002-AE1F-B287D950C83B}.Debug|x86.Build.0 = Debug|Any CPU
		{4614D0F0-A762-4002-AE1F-B287D950C83B}.Release|Any CPU.ActiveCfg = Release|Any CPU
		{4614D0F0-A762-4002-AE1F-B287D950C83B}.Release|Any CPU.Build.0 = Release|Any CPU
		{4614D0F0-A762-4002-AE1F-B287D950C83B}.Release|x64.ActiveCfg = Release|Any CPU
		{4614D0F0-A762-4002-AE1F-B287D950C83B}.Release|x64.Build.0 = Release|Any CPU
		{4614D0F0-A762-4002-AE1F-B287D950C83B}.Release|x86.ActiveCfg = Release|Any CPU
		{4614D0F0-A762-4002-AE1F-B287D950C83B}.Release|x86.Build.0 = Release|Any CPU
		{CB1A2C37-3723-490F-93C2-35B7EB0DEBEC}.Debug|Any CPU.ActiveCfg = Debug|Any CPU
		{CB1A2C37-3723-490F-93C2-35B7EB0DEBEC}.Debug|Any CPU.Build.0 = Debug|Any CPU
		{CB1A2C37-3723-490F-93C2-35B7EB0DEBEC}.Debug|x64.ActiveCfg = Debug|Any CPU
		{CB1A2C37-3723-490F-93C2-35B7EB0DEBEC}.Debug|x64.Build.0 = Debug|Any CPU
		{CB1A2C37-3723-490F-93C2-35B7EB0DEBEC}.Debug|x86.ActiveCfg = Debug|Any CPU
		{CB1A2C37-3723-490F-93C2-35B7EB0DEBEC}.Debug|x86.Build.0 = Debug|Any CPU
		{CB1A2C37-3723-490F-93C2-35B7EB0DEBEC}.Release|Any CPU.ActiveCfg = Release|Any CPU
		{CB1A2C37-3723-490F-93C2-35B7EB0DEBEC}.Release|Any CPU.Build.0 = Release|Any CPU
		{CB1A2C37-3723-490F-93C2-35B7EB0DEBEC}.Release|x64.ActiveCfg = Release|Any CPU
		{CB1A2C37-3723-490F-93C2-35B7EB0DEBEC}.Release|x64.Build.0 = Release|Any CPU
		{CB1A2C37-3723-490F-93C2-35B7EB0DEBEC}.Release|x86.ActiveCfg = Release|Any CPU
		{CB1A2C37-3723-490F-93C2-35B7EB0DEBEC}.Release|x86.Build.0 = Release|Any CPU
		{0B2A3BCB-6B01-4C15-96D6-36DDA1A84B5A}.Debug|Any CPU.ActiveCfg = Debug|Any CPU
		{0B2A3BCB-6B01-4C15-96D6-36DDA1A84B5A}.Debug|Any CPU.Build.0 = Debug|Any CPU
		{0B2A3BCB-6B01-4C15-96D6-36DDA1A84B5A}.Debug|x64.ActiveCfg = Debug|Any CPU
		{0B2A3BCB-6B01-4C15-96D6-36DDA1A84B5A}.Debug|x64.Build.0 = Debug|Any CPU
		{0B2A3BCB-6B01-4C15-96D6-36DDA1A84B5A}.Debug|x86.ActiveCfg = Debug|Any CPU
		{0B2A3BCB-6B01-4C15-96D6-36DDA1A84B5A}.Debug|x86.Build.0 = Debug|Any CPU
		{0B2A3BCB-6B01-4C15-96D6-36DDA1A84B5A}.Release|Any CPU.ActiveCfg = Release|Any CPU
		{0B2A3BCB-6B01-4C15-96D6-36DDA1A84B5A}.Release|Any CPU.Build.0 = Release|Any CPU
		{0B2A3BCB-6B01-4C15-96D6-36DDA1A84B5A}.Release|x64.ActiveCfg = Release|Any CPU
		{0B2A3BCB-6B01-4C15-96D6-36DDA1A84B5A}.Release|x64.Build.0 = Release|Any CPU
		{0B2A3BCB-6B01-4C15-96D6-36DDA1A84B5A}.Release|x86.ActiveCfg = Release|Any CPU
		{0B2A3BCB-6B01-4C15-96D6-36DDA1A84B5A}.Release|x86.Build.0 = Release|Any CPU
		{49CB9D0E-C822-4495-8BE6-75C6341EBDC9}.Debug|Any CPU.ActiveCfg = Debug|Any CPU
		{49CB9D0E-C822-4495-8BE6-75C6341EBDC9}.Debug|Any CPU.Build.0 = Debug|Any CPU
		{49CB9D0E-C822-4495-8BE6-75C6341EBDC9}.Debug|x64.ActiveCfg = Debug|Any CPU
		{49CB9D0E-C822-4495-8BE6-75C6341EBDC9}.Debug|x64.Build.0 = Debug|Any CPU
		{49CB9D0E-C822-4495-8BE6-75C6341EBDC9}.Debug|x86.ActiveCfg = Debug|Any CPU
		{49CB9D0E-C822-4495-8BE6-75C6341EBDC9}.Debug|x86.Build.0 = Debug|Any CPU
		{49CB9D0E-C822-4495-8BE6-75C6341EBDC9}.Release|Any CPU.ActiveCfg = Release|Any CPU
		{49CB9D0E-C822-4495-8BE6-75C6341EBDC9}.Release|Any CPU.Build.0 = Release|Any CPU
		{49CB9D0E-C822-4495-8BE6-75C6341EBDC9}.Release|x64.ActiveCfg = Release|Any CPU
		{49CB9D0E-C822-4495-8BE6-75C6341EBDC9}.Release|x64.Build.0 = Release|Any CPU
		{49CB9D0E-C822-4495-8BE6-75C6341EBDC9}.Release|x86.ActiveCfg = Release|Any CPU
		{49CB9D0E-C822-4495-8BE6-75C6341EBDC9}.Release|x86.Build.0 = Release|Any CPU
		{2B67176F-EAED-48EB-BD2C-EAA44214C798}.Debug|Any CPU.ActiveCfg = Debug|Any CPU
		{2B67176F-EAED-48EB-BD2C-EAA44214C798}.Debug|Any CPU.Build.0 = Debug|Any CPU
		{2B67176F-EAED-48EB-BD2C-EAA44214C798}.Debug|x64.ActiveCfg = Debug|Any CPU
		{2B67176F-EAED-48EB-BD2C-EAA44214C798}.Debug|x64.Build.0 = Debug|Any CPU
		{2B67176F-EAED-48EB-BD2C-EAA44214C798}.Debug|x86.ActiveCfg = Debug|Any CPU
		{2B67176F-EAED-48EB-BD2C-EAA44214C798}.Debug|x86.Build.0 = Debug|Any CPU
		{2B67176F-EAED-48EB-BD2C-EAA44214C798}.Release|Any CPU.ActiveCfg = Release|Any CPU
		{2B67176F-EAED-48EB-BD2C-EAA44214C798}.Release|Any CPU.Build.0 = Release|Any CPU
		{2B67176F-EAED-48EB-BD2C-EAA44214C798}.Release|x64.ActiveCfg = Release|Any CPU
		{2B67176F-EAED-48EB-BD2C-EAA44214C798}.Release|x64.Build.0 = Release|Any CPU
		{2B67176F-EAED-48EB-BD2C-EAA44214C798}.Release|x86.ActiveCfg = Release|Any CPU
		{2B67176F-EAED-48EB-BD2C-EAA44214C798}.Release|x86.Build.0 = Release|Any CPU
	EndGlobalSection
	GlobalSection(SolutionProperties) = preSolution
		HideSolutionNode = FALSE
	EndGlobalSection
	GlobalSection(NestedProjects) = preSolution
		{4614D0F0-A762-4002-AE1F-B287D950C83B} = {B87FAC4A-A0C3-4EA4-8B34-FD9FA180881F}
		{CB1A2C37-3723-490F-93C2-35B7EB0DEBEC} = {016FBA0B-9E6F-4F3A-8F8A-A79C21028624}
		{0B2A3BCB-6B01-4C15-96D6-36DDA1A84B5A} = {DF9B8323-A4B8-4741-BEE8-3EC5272A7E17}
		{49CB9D0E-C822-4495-8BE6-75C6341EBDC9} = {D77B99FA-82FC-4F18-9E2D-1BFFCE984442}
		{2B67176F-EAED-48EB-BD2C-EAA44214C798} = {26E4CB0C-9A78-4B7F-9A39-C2E66C1E861D}
	EndGlobalSection
	GlobalSection(ExtensibilityGlobals) = postSolution
		SolutionGuid = {A4FAC863-9B59-4039-B732-49F1D7B51044}
	EndGlobalSection
EndGlobal
